
Microsoft Visual Studio Solution File, Format Version 12.00
# Visual Studio 15
VisualStudioVersion = 15.0.28307.168
MinimumVisualStudioVersion = 10.0.40219.1
Project("{FAE04EC0-301F-11D3-BF4B-00C04F79EFBC}") = "framework", "framework\framework.csproj", "{108C6DAD-5A79-401A-AC8A-1D44E848C7E0}"
EndProject
Global
	GlobalSection(SolutionConfigurationPlatforms) = preSolution
		Debug|Any CPU = Debug|Any CPU
		Release|Any CPU = Release|Any CPU
	EndGlobalSection
	GlobalSection(ProjectConfigurationPlatforms) = postSolution
		{108C6DAD-5A79-401A-AC8A-1D44E848C7E0}.Debug|Any CPU.ActiveCfg = Debug|Any CPU
		{108C6DAD-5A79-401A-AC8A-1D44E848C7E0}.Debug|Any CPU.Build.0 = Debug|Any CPU
		{108C6DAD-5A79-401A-AC8A-1D44E848C7E0}.Release|Any CPU.ActiveCfg = Release|Any CPU
		{108C6DAD-5A79-401A-AC8A-1D44E848C7E0}.Release|Any CPU.Build.0 = Release|Any CPU
	EndGlobalSection
	GlobalSection(SolutionProperties) = preSolution
		HideSolutionNode = FALSE
	EndGlobalSection
	GlobalSection(ExtensibilityGlobals) = postSolution
		SolutionGuid = {0B114DE8-E531-40F3-8213-6CBAEAA48A79}
	EndGlobalSection
EndGlobal
